
Microsoft Visual Studio Solution File, Format Version 12.00
# Visual Studio 15
VisualStudioVersion = 15.0.26228.4
MinimumVisualStudioVersion = 10.0.40219.1
Project("{FAE04EC0-301F-11D3-BF4B-00C04F79EFBC}") = "Hangman", "Hangman\Hangman.csproj", "{D434BE1E-87B5-4353-A6CF-0B87A52D2771}"
EndProject
Global
	GlobalSection(SolutionConfigurationPlatforms) = preSolution
		Debug|Any CPU = Debug|Any CPU
		Release|Any CPU = Release|Any CPU
	EndGlobalSection
	GlobalSection(ProjectConfigurationPlatforms) = postSolution
		{D434BE1E-87B5-4353-A6CF-0B87A52D2771}.Debug|Any CPU.ActiveCfg = Debug|Any CPU
		{D434BE1E-87B5-4353-A6CF-0B87A52D2771}.Debug|Any CPU.Build.0 = Debug|Any CPU
		{D434BE1E-87B5-4353-A6CF-0B87A52D2771}.Release|Any CPU.ActiveCfg = Release|Any CPU
		{D434BE1E-87B5-4353-A6CF-0B87A52D2771}.Release|Any CPU.Build.0 = Release|Any CPU
	EndGlobalSection
	GlobalSection(SolutionProperties) = preSolution
		HideSolutionNode = FALSE
	EndGlobalSection
EndGlobal
